
Microsoft Visual Studio Solution File, Format Version 12.00
# Visual Studio Version 16
VisualStudioVersion = 16.0.31019.35
MinimumVisualStudioVersion = 10.0.40219.1
Project("{FAE04EC0-301F-11D3-BF4B-00C04F79EFBC}") = "OutlookToTxt", "OutlookToTxt\OutlookToTxt.csproj", "{45D252B0-4C27-44FE-9A16-96FDFC993E71}"
EndProject
Global
	GlobalSection(SolutionConfigurationPlatforms) = preSolution
		Debug|Any CPU = Debug|Any CPU
		Release|Any CPU = Release|Any CPU
	EndGlobalSection
	GlobalSection(ProjectConfigurationPlatforms) = postSolution
		{45D252B0-4C27-44FE-9A16-96FDFC993E71}.Debug|Any CPU.ActiveCfg = Debug|Any CPU
		{45D252B0-4C27-44FE-9A16-96FDFC993E71}.Debug|Any CPU.Build.0 = Debug|Any CPU
		{45D252B0-4C27-44FE-9A16-96FDFC993E71}.Release|Any CPU.ActiveCfg = Release|Any CPU
		{45D252B0-4C27-44FE-9A16-96FDFC993E71}.Release|Any CPU.Build.0 = Release|Any CPU
	EndGlobalSection
	GlobalSection(SolutionProperties) = preSolution
		HideSolutionNode = FALSE
	EndGlobalSection
	GlobalSection(ExtensibilityGlobals) = postSolution
		SolutionGuid = {822A8F6E-AF7B-4D27-8989-DF082B6E44F7}
	EndGlobalSection
EndGlobal
